
Microsoft Visual Studio Solution File, Format Version 12.00
# Visual Studio Version 17
VisualStudioVersion = 17.8.34309.116
MinimumVisualStudioVersion = 10.0.40219.1
Project("{9A19103F-16F7-4668-BE54-9A1E7A4F7556}") = "NTDLS.DatagramMessaging", "NTDLS.DatagramMessaging\NTDLS.DatagramMessaging.csproj", "{45BBDB82-9128-477D-9CFA-31C89BB4743F}"
EndProject
Project("{2150E333-8FDC-42A3-9474-1A3956D46DE8}") = "TestHarness", "TestHarness", "{3A3E0A23-8C28-4B79-8300-8599BE2565E0}"
EndProject
Project("{2150E333-8FDC-42A3-9474-1A3956D46DE8}") = "Package", "Package", "{4E8EAC70-CF3A-42F3-B0BA-E59FEA5CBA94}"
	ProjectSection(SolutionItems) = preProject
		LICENSE = LICENSE
		README.md = README.md
	EndProjectSection
EndProject
Project("{FAE04EC0-301F-11D3-BF4B-00C04F79EFBC}") = "Client", "TestHarness\Client\Client.csproj", "{876B2C0B-6E4B-CAB0-9FBB-201B1BF17053}"
EndProject
Project("{FAE04EC0-301F-11D3-BF4B-00C04F79EFBC}") = "ServerByConvention", "TestHarness\ServerByConvention\ServerByConvention.csproj", "{33F92192-D330-2687-3FE8-0E1A232BB296}"
EndProject
Project("{FAE04EC0-301F-11D3-BF4B-00C04F79EFBC}") = "ServerByEvent", "TestHarness\ServerByEvent\ServerByEvent.csproj", "{C464248C-B366-950E-BC10-031DA6490D58}"
EndProject
Project("{FAE04EC0-301F-11D3-BF4B-00C04F79EFBC}") = "Shared", "TestHarness\Shared\Shared.csproj", "{A708399B-8238-4106-E8E5-32C59E4FB5CE}"
EndProject
Global
	GlobalSection(SolutionConfigurationPlatforms) = preSolution
		Debug|Any CPU = Debug|Any CPU
		Release|Any CPU = Release|Any CPU
	EndGlobalSection
	GlobalSection(ProjectConfigurationPlatforms) = postSolution
		{45BBDB82-9128-477D-9CFA-31C89BB4743F}.Debug|Any CPU.ActiveCfg = Debug|Any CPU
		{45BBDB82-9128-477D-9CFA-31C89BB4743F}.Debug|Any CPU.Build.0 = Debug|Any CPU
		{45BBDB82-9128-477D-9CFA-31C89BB4743F}.Release|Any CPU.ActiveCfg = Release|Any CPU
		{45BBDB82-9128-477D-9CFA-31C89BB4743F}.Release|Any CPU.Build.0 = Release|Any CPU
		{876B2C0B-6E4B-CAB0-9FBB-201B1BF17053}.Debug|Any CPU.ActiveCfg = Debug|Any CPU
		{876B2C0B-6E4B-CAB0-9FBB-201B1BF17053}.Debug|Any CPU.Build.0 = Debug|Any CPU
		{876B2C0B-6E4B-CAB0-9FBB-201B1BF17053}.Release|Any CPU.ActiveCfg = Release|Any CPU
		{876B2C0B-6E4B-CAB0-9FBB-201B1BF17053}.Release|Any CPU.Build.0 = Release|Any CPU
		{33F92192-D330-2687-3FE8-0E1A232BB296}.Debug|Any CPU.ActiveCfg = Debug|Any CPU
		{33F92192-D330-2687-3FE8-0E1A232BB296}.Debug|Any CPU.Build.0 = Debug|Any CPU
		{33F92192-D330-2687-3FE8-0E1A232BB296}.Release|Any CPU.ActiveCfg = Release|Any CPU
		{33F92192-D330-2687-3FE8-0E1A232BB296}.Release|Any CPU.Build.0 = Release|Any CPU
		{C464248C-B366-950E-BC10-031DA6490D58}.Debug|Any CPU.ActiveCfg = Debug|Any CPU
		{C464248C-B366-950E-BC10-031DA6490D58}.Debug|Any CPU.Build.0 = Debug|Any CPU
		{C464248C-B366-950E-BC10-031DA6490D58}.Release|Any CPU.ActiveCfg = Release|Any CPU
		{C464248C-B366-950E-BC10-031DA6490D58}.Release|Any CPU.Build.0 = Release|Any CPU
		{A708399B-8238-4106-E8E5-32C59E4FB5CE}.Debug|Any CPU.ActiveCfg = Debug|Any CPU
		{A708399B-8238-4106-E8E5-32C59E4FB5CE}.Debug|Any CPU.Build.0 = Debug|Any CPU
		{A708399B-8238-4106-E8E5-32C59E4FB5CE}.Release|Any CPU.ActiveCfg = Release|Any CPU
		{A708399B-8238-4106-E8E5-32C59E4FB5CE}.Release|Any CPU.Build.0 = Release|Any CPU
	EndGlobalSection
	GlobalSection(SolutionProperties) = preSolution
		HideSolutionNode = FALSE
	EndGlobalSection
	GlobalSection(NestedProjects) = preSolution
		{876B2C0B-6E4B-CAB0-9FBB-201B1BF17053} = {3A3E0A23-8C28-4B79-8300-8599BE2565E0}
		{33F92192-D330-2687-3FE8-0E1A232BB296} = {3A3E0A23-8C28-4B79-8300-8599BE2565E0}
		{C464248C-B366-950E-BC10-031DA6490D58} = {3A3E0A23-8C28-4B79-8300-8599BE2565E0}
		{A708399B-8238-4106-E8E5-32C59E4FB5CE} = {3A3E0A23-8C28-4B79-8300-8599BE2565E0}
	EndGlobalSection
	GlobalSection(ExtensibilityGlobals) = postSolution
		SolutionGuid = {57454B9D-E3FB-4318-AE39-73B6071F8C1D}
	EndGlobalSection
EndGlobal
